schema: '2.0'
stages:
  load_and_train_stage:
    cmd: python main.py
    deps:
    - path: train
      md5: 2f167b21d451444edbe6381d62810339.dir
      size: 1035045819
      nfiles: 3787
    - path: val
      md5: 087b350693de3b55bd3639d9f9ac543b.dir
      size: 22515619
      nfiles: 76
    outs:
    - path: MyModel.h5
      md5: 76900059543f704e7ab542e80c0ca1fb
      size: 430189880
  test_stage:
    cmd: python test.py
    deps:
    - path: MyModel.h5
      md5: 76900059543f704e7ab542e80c0ca1fb
      size: 430189880
    - path: test
      md5: 81aa88ffa713e385ffe0f1f585a70e4b.dir
      size: 79054751
      nfiles: 624
    outs:
    - path: eval.json
      md5: 237b127239bf5e4567df580dacdf546e
      size: 32
